
Microsoft Visual Studio Solution File, Format Version 12.00
# Visual Studio Version 17
VisualStudioVersion = 17.6.33815.320
MinimumVisualStudioVersion = 10.0.40219.1
Project("{FAE04EC0-301F-11D3-BF4B-00C04F79EFBC}") = "projecteuler", "projecteuler.csproj", "{E7769204-2968-4CDA-8CDA-81D5CBD1AAAE}"
EndProject
Global
	GlobalSection(SolutionConfigurationPlatforms) = preSolution
		Debug|Any CPU = Debug|Any CPU
		Release|Any CPU = Release|Any CPU
	EndGlobalSection
	GlobalSection(ProjectConfigurationPlatforms) = postSolution
		{E7769204-2968-4CDA-8CDA-81D5CBD1AAAE}.Debug|Any CPU.ActiveCfg = Debug|Any CPU
		{E7769204-2968-4CDA-8CDA-81D5CBD1AAAE}.Debug|Any CPU.Build.0 = Debug|Any CPU
		{E7769204-2968-4CDA-8CDA-81D5CBD1AAAE}.Release|Any CPU.ActiveCfg = Release|Any CPU
		{E7769204-2968-4CDA-8CDA-81D5CBD1AAAE}.Release|Any CPU.Build.0 = Release|Any CPU
	EndGlobalSection
	GlobalSection(SolutionProperties) = preSolution
		HideSolutionNode = FALSE
	EndGlobalSection
	GlobalSection(ExtensibilityGlobals) = postSolution
		SolutionGuid = {A57EC689-1FDB-4962-815A-4B507E80E842}
	EndGlobalSection
EndGlobal
